{
  "lockfileVersion": 1,
  "configVersion": 1,
  "workspaces": {
    "": {
      "name": "news-bot",
      "devDependencies": {
        "@types/bun": "latest",
        "lefthook": "^2.0.15",
        "typescript": "^5.8.0",
      },
    },
    "packages/core": {
      "name": "@newsfeed-ai/core",
      "version": "0.1.0",
      "dependencies": {
        "@libsql/client": "^0.17.0",
        "@orama/orama": "^3.1.18",
        "@orama/plugin-data-persistence": "^3.1.18",
        "zod": "^4.0.0",
      },
      "devDependencies": {
        "@types/bun": "latest",
        "typescript": "^5.8.0",
      },
      "peerDependencies": {
        "@orama/plugin-embeddings": "^3.1.18",
      },
      "optionalPeers": [
        "@orama/plugin-embeddings",
      ],
    },
  },
  "packages": {
    "@libsql/client": ["@libsql/client@0.17.0", "", { "dependencies": { "@libsql/core": "^0.17.0", "@libsql/hrana-client": "^0.9.0", "js-base64": "^3.7.5", "libsql": "^0.5.22", "promise-limit": "^2.7.0" } }, "sha512-TLjSU9Otdpq0SpKHl1tD1Nc9MKhrsZbCFGot3EbCxRa8m1E5R1mMwoOjKMMM31IyF7fr+hPNHLpYfwbMKNusmg=="],

    "@libsql/core": ["@libsql/core@0.17.0", "", { "dependencies": { "js-base64": "^3.7.5" } }, "sha512-hnZRnJHiS+nrhHKLGYPoJbc78FE903MSDrFJTbftxo+e52X+E0Y0fHOCVYsKWcg6XgB7BbJYUrz/xEkVTSaipw=="],

    "@libsql/darwin-arm64": ["@libsql/darwin-arm64@0.5.22", "", { "os": "darwin", "cpu": "arm64" }, "sha512-4B8ZlX3nIDPndfct7GNe0nI3Yw6ibocEicWdC4fvQbSs/jdq/RC2oCsoJxJ4NzXkvktX70C1J4FcmmoBy069UA=="],

    "@libsql/darwin-x64": ["@libsql/darwin-x64@0.5.22", "", { "os": "darwin", "cpu": "x64" }, "sha512-ny2HYWt6lFSIdNFzUFIJ04uiW6finXfMNJ7wypkAD8Pqdm6nAByO+Fdqu8t7sD0sqJGeUCiOg480icjyQ2/8VA=="],

    "@libsql/hrana-client": ["@libsql/hrana-client@0.9.0", "", { "dependencies": { "@libsql/isomorphic-ws": "^0.1.5", "cross-fetch": "^4.0.0", "js-base64": "^3.7.5", "node-fetch": "^3.3.2" } }, "sha512-pxQ1986AuWfPX4oXzBvLwBnfgKDE5OMhAdR/5cZmRaB4Ygz5MecQybvwZupnRz341r2CtFmbk/BhSu7k2Lm+Jw=="],

    "@libsql/isomorphic-ws": ["@libsql/isomorphic-ws@0.1.5", "", { "dependencies": { "@types/ws": "^8.5.4", "ws": "^8.13.0" } }, "sha512-DtLWIH29onUYR00i0GlQ3UdcTRC6EP4u9w/h9LxpUZJWRMARk6dQwZ6Jkd+QdwVpuAOrdxt18v0K2uIYR3fwFg=="],

    "@libsql/linux-arm-gnueabihf": ["@libsql/linux-arm-gnueabihf@0.5.22", "", { "os": "linux", "cpu": "arm" }, "sha512-3Uo3SoDPJe/zBnyZKosziRGtszXaEtv57raWrZIahtQDsjxBVjuzYQinCm9LRCJCUT5t2r5Z5nLDPJi2CwZVoA=="],

    "@libsql/linux-arm-musleabihf": ["@libsql/linux-arm-musleabihf@0.5.22", "", { "os": "linux", "cpu": "arm" }, "sha512-LCsXh07jvSojTNJptT9CowOzwITznD+YFGGW+1XxUr7fS+7/ydUrpDfsMX7UqTqjm7xG17eq86VkWJgHJfvpNg=="],

    "@libsql/linux-arm64-gnu": ["@libsql/linux-arm64-gnu@0.5.22", "", { "os": "linux", "cpu": "arm64" }, "sha512-KSdnOMy88c9mpOFKUEzPskSaF3VLflfSUCBwas/pn1/sV3pEhtMF6H8VUCd2rsedwoukeeCSEONqX7LLnQwRMA=="],

    "@libsql/linux-arm64-musl": ["@libsql/linux-arm64-musl@0.5.22", "", { "os": "linux", "cpu": "arm64" }, "sha512-mCHSMAsDTLK5YH//lcV3eFEgiR23Ym0U9oEvgZA0667gqRZg/2px+7LshDvErEKv2XZ8ixzw3p1IrBzLQHGSsw=="],

    "@libsql/linux-x64-gnu": ["@libsql/linux-x64-gnu@0.5.22", "", { "os": "linux", "cpu": "x64" }, "sha512-kNBHaIkSg78Y4BqAdgjcR2mBilZXs4HYkAmi58J+4GRwDQZh5fIUWbnQvB9f95DkWUIGVeenqLRFY2pcTmlsew=="],

    "@libsql/linux-x64-musl": ["@libsql/linux-x64-musl@0.5.22", "", { "os": "linux", "cpu": "x64" }, "sha512-UZ4Xdxm4pu3pQXjvfJiyCzZop/9j/eA2JjmhMaAhe3EVLH2g11Fy4fwyUp9sT1QJYR1kpc2JLuybPM0kuXv/Tg=="],

    "@libsql/win32-x64-msvc": ["@libsql/win32-x64-msvc@0.5.22", "", { "os": "win32", "cpu": "x64" }, "sha512-Fj0j8RnBpo43tVZUVoNK6BV/9AtDUM5S7DF3LB4qTYg1LMSZqi3yeCneUTLJD6XomQJlZzbI4mst89yspVSAnA=="],

    "@msgpack/msgpack": ["@msgpack/msgpack@3.1.3", "", {}, "sha512-47XIizs9XZXvuJgoaJUIE2lFoID8ugvc0jzSHP+Ptfk8nTbnR8g788wv48N03Kx0UkAv559HWRQ3yzOgzlRNUA=="],

    "@neon-rs/load": ["@neon-rs/load@0.0.4", "", {}, "sha512-kTPhdZyTQxB+2wpiRcFWrDcejc4JI6tkPuS7UZCG4l6Zvc5kU/gGQ/ozvHTh1XR5tS+UlfAfGuPajjzQjCiHCw=="],

    "@newsfeed-ai/core": ["@newsfeed-ai/core@workspace:packages/core"],

    "@orama/orama": ["@orama/orama@3.1.18", "", {}, "sha512-a61ljmRVVyG5MC/698C8/FfFDw5a8LOIvyOLW5fztgUXqUpc1jOfQzOitSCbge657OgXXThmY3Tk8fpiDb4UcA=="],

    "@orama/plugin-data-persistence": ["@orama/plugin-data-persistence@3.1.18", "", { "dependencies": { "@msgpack/msgpack": "^3.1.2", "@orama/orama": "3.1.18", "dpack": "^0.6.22", "seqproto": "^0.2.3" } }, "sha512-pfBbpK96VRW/7IkdMHn2HaW3/+4k2C9Uwyup0IONNuz5bG3L1orCNFZPBmu+zcokOU2YH+IAVuQz6MlvqOe3iw=="],

    "@types/bun": ["@types/bun@1.3.6", "", { "dependencies": { "bun-types": "1.3.6" } }, "sha512-uWCv6FO/8LcpREhenN1d1b6fcspAB+cefwD7uti8C8VffIv0Um08TKMn98FynpTiU38+y2dUO55T11NgDt8VAA=="],

    "@types/node": ["@types/node@25.0.8", "", { "dependencies": { "undici-types": "~7.16.0" } }, "sha512-powIePYMmC3ibL0UJ2i2s0WIbq6cg6UyVFQxSCpaPxxzAaziRfimGivjdF943sSGV6RADVbk0Nvlm5P/FB44Zg=="],

    "@types/ws": ["@types/ws@8.18.1", "", { "dependencies": { "@types/node": "*" } }, "sha512-ThVF6DCVhA8kUGy+aazFQ4kXQ7E1Ty7A3ypFOe0IcJV8O/M511G99AW24irKrW56Wt44yG9+ij8FaqoBGkuBXg=="],

    "bun-types": ["bun-types@1.3.6", "", { "dependencies": { "@types/node": "*" } }, "sha512-OlFwHcnNV99r//9v5IIOgQ9Uk37gZqrNMCcqEaExdkVq3Avwqok1bJFmvGMCkCE0FqzdY8VMOZpfpR3lwI+CsQ=="],

    "cross-fetch": ["cross-fetch@4.1.0", "", { "dependencies": { "node-fetch": "^2.7.0" } }, "sha512-uKm5PU+MHTootlWEY+mZ4vvXoCn4fLQxT9dSc1sXVMSFkINTJVN8cAQROpwcKm8bJ/c7rgZVIBWzH5T78sNZZw=="],

    "data-uri-to-buffer": ["data-uri-to-buffer@4.0.1", "", {}, "sha512-0R9ikRb668HB7QDxT1vkpuUBtqc53YyAwMwGeUFKRojY/NWKvdZ+9UYtRfGmhqNbRkTSVpMbmyhXipFFv2cb/A=="],

    "detect-libc": ["detect-libc@2.0.2", "", {}, "sha512-UX6sGumvvqSaXgdKGUsgZWqcUyIXZ/vZTrlRT/iobiKhGL0zL4d3osHj3uqllWJK+i+sixDS/3COVEOFbupFyw=="],

    "dpack": ["dpack@0.6.22", "", {}, "sha512-WGPNlW2OAE7Bj0eODMpAHUcEqxrlg01e9OFZDxQodminIgC194/cRHT7K04Z1j7AUEWTeeplYGrIv/xRdwU9Hg=="],

    "fetch-blob": ["fetch-blob@3.2.0", "", { "dependencies": { "node-domexception": "^1.0.0", "web-streams-polyfill": "^3.0.3" } }, "sha512-7yAQpD2UMJzLi1Dqv7qFYnPbaPx7ZfFK6PiIxQ4PfkGPyNyl2Ugx+a/umUonmKqjhM4DnfbMvdX6otXq83soQQ=="],

    "formdata-polyfill": ["formdata-polyfill@4.0.10", "", { "dependencies": { "fetch-blob": "^3.1.2" } }, "sha512-buewHzMvYL29jdeQTVILecSaZKnt/RJWjoZCF5OW60Z67/GmSLBkOFM7qh1PI3zFNtJbaZL5eQu1vLfazOwj4g=="],

    "js-base64": ["js-base64@3.7.8", "", {}, "sha512-hNngCeKxIUQiEUN3GPJOkz4wF/YvdUdbNL9hsBcMQTkKzboD7T/q3OYOuuPZLUE6dBxSGpwhk5mwuDud7JVAow=="],

    "lefthook": ["lefthook@2.0.15", "", { "optionalDependencies": { "lefthook-darwin-arm64": "2.0.15", "lefthook-darwin-x64": "2.0.15", "lefthook-freebsd-arm64": "2.0.15", "lefthook-freebsd-x64": "2.0.15", "lefthook-linux-arm64": "2.0.15", "lefthook-linux-x64": "2.0.15", "lefthook-openbsd-arm64": "2.0.15", "lefthook-openbsd-x64": "2.0.15", "lefthook-windows-arm64": "2.0.15", "lefthook-windows-x64": "2.0.15" }, "bin": { "lefthook": "bin/index.js" } }, "sha512-sl5rePO6UUOLKp6Ci+MMKOc86zicBaPUCvSw2Cq4gCAgTmxpxhIjhz7LOu2ObYerVRPpTq3gvzPTjI71UotjnA=="],

    "lefthook-darwin-arm64": ["lefthook-darwin-arm64@2.0.15", "", { "os": "darwin", "cpu": "arm64" }, "sha512-ygAqG/NzOgY9bEiqeQtiOmCRTtp9AmOd3eyrpEaSrRB9V9f3RHRgWDrWbde9BiHSsCzcbeY9/X2NuKZ69eUsNA=="],

    "lefthook-darwin-x64": ["lefthook-darwin-x64@2.0.15", "", { "os": "darwin", "cpu": "x64" }, "sha512-3wA30CzdSL5MFKD6dk7v8BMq7ScWQivpLbmIn3Pv67AaBavN57N/hcdGqOFnDDFI5WazVwDY7UqDfMIk5HZjEA=="],

    "lefthook-freebsd-arm64": ["lefthook-freebsd-arm64@2.0.15", "", { "os": "freebsd", "cpu": "arm64" }, "sha512-FbYBBLVbX8BjdO+icN1t/pC3TOW3FAvTKv/zggBKNihv6jHNn/3s/0j2xIS0k0Pw9oOE7MVmEni3qp2j5vqHrQ=="],

    "lefthook-freebsd-x64": ["lefthook-freebsd-x64@2.0.15", "", { "os": "freebsd", "cpu": "x64" }, "sha512-udHMjh1E8TfC0Z7Y249XZMATJOyj1Jxlj9JoEinkoBvAsePFKDEQg5teuXuTGhjsHYpqVekfSvLNNfHKUUbbjw=="],

    "lefthook-linux-arm64": ["lefthook-linux-arm64@2.0.15", "", { "os": "linux", "cpu": "arm64" }, "sha512-1HAPmdYhfcOlubv63sTnWtW2rFuC+kT1MvC3JvdrS5V6zrOImbBSnYZMJX/Dd3w4pm0x2ZJb9T+uef8a0jUQkg=="],

    "lefthook-linux-x64": ["lefthook-linux-x64@2.0.15", "", { "os": "linux", "cpu": "x64" }, "sha512-Pho87mlNFH47zc4fPKzQSp8q9sWfIFW/KMMZfx/HZNmX25aUUTOqMyRwaXxtdAo/hNJ9FX4JeuZWq9Y3iyM5VA=="],

    "lefthook-openbsd-arm64": ["lefthook-openbsd-arm64@2.0.15", "", { "os": "openbsd", "cpu": "arm64" }, "sha512-pet03Edlj1QeFUgxcIK1xu8CeZA+ejYplvPgdfe//69+vQFGSDaEx3H2mVx8RqzWfmMbijM2/WfkZXR2EVw3bw=="],

    "lefthook-openbsd-x64": ["lefthook-openbsd-x64@2.0.15", "", { "os": "openbsd", "cpu": "x64" }, "sha512-i+a364CcSAeIO5wQzLMHsthHt/v6n3XwhKmRq/VBzPOUv9KutNeF55yCE/6lvuvzwxpdEfBjh6cXPERC0yp98w=="],

    "lefthook-windows-arm64": ["lefthook-windows-arm64@2.0.15", "", { "os": "win32", "cpu": "arm64" }, "sha512-69u5GdVOT4QIxc2TK5ce0cTXLzwB55Pk9ZnnJNFf1XsyZTGcg9bUWYYTyD12CIIXbVTa0RVXIIrbU9UgP8O1AQ=="],

    "lefthook-windows-x64": ["lefthook-windows-x64@2.0.15", "", { "os": "win32", "cpu": "x64" }, "sha512-/zYEndCUgj8XK+4wvLYLRk3AcfKU6zWf2GHx+tcZ4K2bLaQdej4m+OqmQsVpUlF8N2tN9hfwlj1D50uz75LUuQ=="],

    "libsql": ["libsql@0.5.22", "", { "dependencies": { "@neon-rs/load": "^0.0.4", "detect-libc": "2.0.2" }, "optionalDependencies": { "@libsql/darwin-arm64": "0.5.22", "@libsql/darwin-x64": "0.5.22", "@libsql/linux-arm-gnueabihf": "0.5.22", "@libsql/linux-arm-musleabihf": "0.5.22", "@libsql/linux-arm64-gnu": "0.5.22", "@libsql/linux-arm64-musl": "0.5.22", "@libsql/linux-x64-gnu": "0.5.22", "@libsql/linux-x64-musl": "0.5.22", "@libsql/win32-x64-msvc": "0.5.22" }, "os": [ "linux", "win32", "darwin", ], "cpu": [ "arm", "x64", "arm64", ] }, "sha512-NscWthMQt7fpU8lqd7LXMvT9pi+KhhmTHAJWUB/Lj6MWa0MKFv0F2V4C6WKKpjCVZl0VwcDz4nOI3CyaT1DDiA=="],

    "node-domexception": ["node-domexception@1.0.0", "", {}, "sha512-/jKZoMpw0F8GRwl4/eLROPA3cfcXtLApP0QzLmUT/HuPCZWyB7IY9ZrMeKw2O/nFIqPQB3PVM9aYm0F312AXDQ=="],

    "node-fetch": ["node-fetch@3.3.2", "", { "dependencies": { "data-uri-to-buffer": "^4.0.0", "fetch-blob": "^3.1.4", "formdata-polyfill": "^4.0.10" } }, "sha512-dRB78srN/l6gqWulah9SrxeYnxeddIG30+GOqK/9OlLVyLg3HPnr6SqOWTWOXKRwC2eGYCkZ59NNuSgvSrpgOA=="],

    "promise-limit": ["promise-limit@2.7.0", "", {}, "sha512-7nJ6v5lnJsXwGprnGXga4wx6d1POjvi5Qmf1ivTRxTjH4Z/9Czja/UCMLVmB9N93GeWOU93XaFaEt6jbuoagNw=="],

    "seqproto": ["seqproto@0.2.3", "", {}, "sha512-HpNyPYl7DJa2a6XQJ+MJAc6ft6Y9ZU+zRiuvTHFpLPeqvapcTAGFJyhMEIN7Y7VXhWT6NEdNVhbXFHwtaCOfCw=="],

    "tr46": ["tr46@0.0.3", "", {}, "sha512-N3WMsuqV66lT30CrXNbEjx4GEwlow3v6rr4mCcv6prnfwhS01rkgyFdjPNBYd9br7LpXV1+Emh01fHnq2Gdgrw=="],

    "typescript": ["typescript@5.9.3", "", { "bin": { "tsc": "bin/tsc", "tsserver": "bin/tsserver" } }, "sha512-jl1vZzPDinLr9eUt3J/t7V6FgNEw9QjvBPdysz9KfQDD41fQrC2Y4vKQdiaUpFT4bXlb1RHhLpp8wtm6M5TgSw=="],

    "undici-types": ["undici-types@7.16.0", "", {}, "sha512-Zz+aZWSj8LE6zoxD+xrjh4VfkIG8Ya6LvYkZqtUQGJPZjYl53ypCaUwWqo7eI0x66KBGeRo+mlBEkMSeSZ38Nw=="],

    "web-streams-polyfill": ["web-streams-polyfill@3.3.3", "", {}, "sha512-d2JWLCivmZYTSIoge9MsgFCZrt571BikcWGYkjC1khllbTeDlGqZ2D8vD8E/lJa8WGWbb7Plm8/XJYV7IJHZZw=="],

    "webidl-conversions": ["webidl-conversions@3.0.1", "", {}, "sha512-2JAn3z8AR6rjK8Sm8orRC0h/bcl/DqL7tRPdGZ4I1CjdF+EaMLmYxBHyXuKL849eucPFhvBoxMsflfOb8kxaeQ=="],

    "whatwg-url": ["whatwg-url@5.0.0", "", { "dependencies": { "tr46": "~0.0.3", "webidl-conversions": "^3.0.0" } }, "sha512-saE57nupxk6v3HY35+jzBwYa0rKSy0XR8JSxZPwgLr7ys0IBzhGviA1/TUGJLmSVqs8pb9AnvICXEuOHLprYTw=="],

    "ws": ["ws@8.19.0", "", { "peerDependencies": { "bufferutil": "^4.0.1", "utf-8-validate": ">=5.0.2" }, "optionalPeers": ["bufferutil", "utf-8-validate"] }, "sha512-blAT2mjOEIi0ZzruJfIhb3nps74PRWTCz1IjglWEEpQl5XS/UNama6u2/rjFkDDouqr4L67ry+1aGIALViWjDg=="],

    "zod": ["zod@4.3.5", "", {}, "sha512-k7Nwx6vuWx1IJ9Bjuf4Zt1PEllcwe7cls3VNzm4CQ1/hgtFUK2bRNG3rvnpPUhFjmqJKAKtjV576KnUkHocg/g=="],

    "cross-fetch/node-fetch": ["node-fetch@2.7.0", "", { "dependencies": { "whatwg-url": "^5.0.0" }, "peerDependencies": { "encoding": "^0.1.0" }, "optionalPeers": ["encoding"] }, "sha512-c4FRfUm/dbcWZ7U+1Wq0AwCyFL+3nt2bEw05wfxSz+DWpWsitgmSgYmy2dQdWyKC1694ELPqMs/YzUSNozLt8A=="],
  }
}
